// !$*UTF8*$!
{
	archiveVersion = 1;
	classes = {
	};
	objectVersion = 46;
	objects = {

/* Begin PBXBuildFile section */
		49B7F43719D78B0D00FFC893 /* AppDelegate.swift in Sources */ = {isa = PBXBuildFile; fileRef = 49B7F43619D78B0D00FFC893 /* AppDelegate.swift */; };
		49B7F43919D78B0D00FFC893 /* ViewController.swift in Sources */ = {isa = PBXBuildFile; fileRef = 49B7F43819D78B0D00FFC893 /* ViewController.swift */; };
		49B7F43C19D78B0D00FFC893 /* Main.storyboard in Resources */ = {isa = PBXBuildFile; fileRef = 49B7F43A19D78B0D00FFC893 /* Main.storyboard */; };
		49B7F43E19D78B0D00FFC893 /* Images.xcassets in Resources */ = {isa = PBXBuildFile; fileRef = 49B7F43D19D78B0D00FFC893 /* Images.xcassets */; };
		49B7F44119D78B0D00FFC893 /* LaunchScreen.xib in Resources */ = {isa = PBXBuildFile; fileRef = 49B7F43F19D78B0D00FFC893 /* LaunchScreen.xib */; };
		49B7F44D19D78B0D00FFC893 /* TaskItTests.swift in Sources */ = {isa = PBXBuildFile; fileRef = 49B7F44C19D78B0D00FFC893 /* TaskItTests.swift */; };
		49B7F45719D7952400FFC893 /* TaskCell.swift in Sources */ = {isa = PBXBuildFile; fileRef = 49B7F45619D7952400FFC893 /* TaskCell.swift */; };
/* End PBXBuildFile section */

/* Begin PBXContainerItemProxy section */
		49B7F44719D78B0D00FFC893 /* PBXContainerItemProxy */ = {
			isa = PBXContainerItemProxy;
			containerPortal = 49B7F42919D78B0D00FFC893 /* Project object */;
			proxyType = 1;
			remoteGlobalIDString = 49B7F43019D78B0D00FFC893;
			remoteInfo = TaskIt;
		};
/* End PBXContainerItemProxy section */

/* Begin PBXFileReference section */
		49B7F43119D78B0D00FFC893 /* TaskIt.app */ = {isa = PBXFileReference; explicitFileType = wrapper.application; includeInIndex = 0; path = TaskIt.app; sourceTree = BUILT_PRODUCTS_DIR; };
		49B7F43519D78B0D00FFC893 /* Info.plist */ = {isa = PBXFileReference; lastKnownFileType = text.plist.xml; path = Info.plist; sourceTree = "<group>"; };
		49B7F43619D78B0D00FFC893 /* AppDelegate.swift */ = {isa = PBXFileReference; lastKnownFileType = sourcecode.swift; path = AppDelegate.swift; sourceTree = "<group>"; };
		49B7F43819D78B0D00FFC893 /* ViewController.swift */ = {isa = PBXFileReference; lastKnownFileType = sourcecode.swift; path = ViewController.swift; sourceTree = "<group>"; };
		49B7F43B19D78B0D00FFC893 /* Base */ = {isa = PBXFileReference; lastKnownFileType = file.storyboard; name = Base; path = Base.lproj/Main.storyboard; sourceTree = "<group>"; };
		49B7F43D19D78B0D00FFC893 /* Images.xcassets */ = {isa = PBXFileReference; lastKnownFileType = folder.assetcatalog; path = Images.xcassets; sourceTree = "<group>"; };
		49B7F44019D78B0D00FFC893 /* Base */ = {isa = PBXFileReference; lastKnownFileType = file.xib; name = Base; path = Base.lproj/LaunchScreen.xib; sourceTree = "<group>"; };
		49B7F44619D78B0D00FFC893 /* TaskItTests.xctest */ = {isa = PBXFileReference; explicitFileType = wrapper.cfbundle; includeInIndex = 0; path = TaskItTests.xctest; sourceTree = BUILT_PRODUCTS_DIR; };
		49B7F44B19D78B0D00FFC893 /* Info.plist */ = {isa = PBXFileReference; lastKnownFileType = text.plist.xml; path = Info.plist; sourceTree = "<group>"; };
		49B7F44C19D78B0D00FFC893 /* TaskItTests.swift */ = {isa = PBXFileReference; lastKnownFileType = sourcecode.swift; path = TaskItTests.swift; sourceTree = "<group>"; };
		49B7F45619D7952400FFC893 /* TaskCell.swift */ = {isa = PBXFileReference; fileEncoding = 4; lastKnownFileType = sourcecode.swift; path = TaskCell.swift; sourceTree = "<group>"; };
/* End PBXFileReference section */

/* Begin PBXFrameworksBuildPhase section */
		49B7F42E19D78B0D00FFC893 /* Frameworks */ = {
			isa = PBXFrameworksBuildPhase;
			buildActionMask = 2147483647;
			files = (
			);
			runOnlyForDeploymentPostprocessing = 0;
		};
		49B7F44319D78B0D00FFC893 /* Frameworks */ = {
			isa = PBXFrameworksBuildPhase;
			buildActionMask = 2147483647;
			files = (
			);
			runOnlyForDeploymentPostprocessing = 0;
		};
/* End PBXFrameworksBuildPhase section */

/* Begin PBXGroup section */
		49B7F42819D78B0D00FFC893 = {
			isa = PBXGroup;
			children = (
				49B7F43319D78B0D00FFC893 /* TaskIt */,
				49B7F44919D78B0D00FFC893 /* TaskItTests */,
				49B7F43219D78B0D00FFC893 /* Products */,
			);
			sourceTree = "<group>";
		};
		49B7F43219D78B0D00FFC893 /* Products */ = {
			isa = PBXGroup;
			children = (
				49B7F43119D78B0D00FFC893 /* TaskIt.app */,
				49B7F44619D78B0D00FFC893 /* TaskItTests.xctest */,
			);
			name = Products;
			sourceTree = "<group>";
		};
		49B7F43319D78B0D00FFC893 /* TaskIt */ = {
			isa = PBXGroup;
			children = (
				49B7F43619D78B0D00FFC893 /* AppDelegate.swift */,
				49B7F43819D78B0D00FFC893 /* ViewController.swift */,
				49B7F43A19D78B0D00FFC893 /* Main.storyboard */,
				49B7F43D19D78B0D00FFC893 /* Images.xcassets */,
				49B7F43F19D78B0D00FFC893 /* LaunchScreen.xib */,
				49B7F43419D78B0D00FFC893 /* Supporting Files */,
				49B7F45619D7952400FFC893 /* TaskCell.swift */,
			);
			path = TaskIt;
			sourceTree = "<group>";
		};
		49B7F43419D78B0D00FFC893 /* Supporting Files */ = {
			isa = PBXGroup;
			children = (
				49B7F43519D78B0D00FFC893 /* Info.plist */,
			);
			name = "Supporting Files";
			sourceTree = "<group>";
		};
		49B7F44919D78B0D00FFC893 /* TaskItTests */ = {
			isa = PBXGroup;
			children = (
				49B7F44C19D78B0D00FFC893 /* TaskItTests.swift */,
				49B7F44A19D78B0D00FFC893 /* Supporting Files */,
			);
			path = TaskItTests;
			sourceTree = "<group>";
		};
		49B7F44A19D78B0D00FFC893 /* Supporting Files */ = {
			isa = PBXGroup;
			children = (
				49B7F44B19D78B0D00FFC893 /* Info.plist */,
			);
			name = "Supporting Files";
			sourceTree = "<group>";
		};
/* End PBXGroup section */

/* Begin PBXNativeTarget section */
		49B7F43019D78B0D00FFC893 /* TaskIt */ = {
			isa = PBXNativeTarget;
			buildConfigurationList = 49B7F45019D78B0D00FFC893 /* Build configuration list for PBXNativeTarget "TaskIt" */;
			buildPhases = (
				49B7F42D19D78B0D00FFC893 /* Sources */,
				49B7F42E19D78B0D00FFC893 /* Frameworks */,
				49B7F42F19D78B0D00FFC893 /* Resources */,
			);
			buildRules = (
			);
			dependencies = (
			);
			name = TaskIt;
			productName = TaskIt;
			productReference = 49B7F43119D78B0D00FFC893 /* TaskIt.app */;
			productType = "com.apple.product-type.application";
		};
		49B7F44519D78B0D00FFC893 /* TaskItTests */ = {
			isa = PBXNativeTarget;
			buildConfigurationList = 49B7F45319D78B0D00FFC893 /* Build configuration list for PBXNativeTarget "TaskItTests" */;
			buildPhases = (
				49B7F44219D78B0D00FFC893 /* Sources */,
				49B7F44319D78B0D00FFC893 /* Frameworks */,
				49B7F44419D78B0D00FFC893 /* Resources */,
			);
			buildRules = (
			);
			dependencies = (
				49B7F44819D78B0D00FFC893 /* PBXTargetDependency */,
			);
			name = TaskItTests;
			productName = TaskItTests;
			productReference = 49B7F44619D78B0D00FFC893 /* TaskItTests.xctest */;
			productType = "com.apple.product-type.bundle.unit-test";
		};
/* End PBXNativeTarget section */

/* Begin PBXProject section */
		49B7F42919D78B0D00FFC893 /* Project object */ = {
			isa = PBXProject;
			attributes = {
				LastUpgradeCheck = 0600;
				ORGANIZATIONNAME = "77th Street Labs";
				TargetAttributes = {
					49B7F43019D78B0D00FFC893 = {
						CreatedOnToolsVersion = 6.0.1;
					};
					49B7F44519D78B0D00FFC893 = {
						CreatedOnToolsVersion = 6.0.1;
						TestTargetID = 49B7F43019D78B0D00FFC893;
					};
				};
			};
			buildConfigurationList = 49B7F42C19D78B0D00FFC893 /* Build configuration list for PBXProject "TaskIt" */;
			compatibilityVersion = "Xcode 3.2";
			developmentRegion = English;
			hasScannedForEncodings = 0;
			knownRegions = (
				en,
				Base,
			);
			mainGroup = 49B7F42819D78B0D00FFC893;
			productRefGroup = 49B7F43219D78B0D00FFC893 /* Products */;
			projectDirPath = "";
			projectRoot = "";
			targets = (
				49B7F43019D78B0D00FFC893 /* TaskIt */,
				49B7F44519D78B0D00FFC893 /* TaskItTests */,
			);
		};
/* End PBXProject section */

/* Begin PBXResourcesBuildPhase section */
		49B7F42F19D78B0D00FFC893 /* Resources */ = {
			isa = PBXResourcesBuildPhase;
			buildActionMask = 2147483647;
			files = (
				49B7F43C19D78B0D00FFC893 /* Main.storyboard in Resources */,
				49B7F44119D78B0D00FFC893 /* LaunchScreen.xib in Resources */,
				49B7F43E19D78B0D00FFC893 /* Images.xcassets in Resources */,
			);
			runOnlyForDeploymentPostprocessing = 0;
		};
		49B7F44419D78B0D00FFC893 /* Resources */ = {
			isa = PBXResourcesBuildPhase;
			buildActionMask = 2147483647;
			files = (
			);
			runOnlyForDeploymentPostprocessing = 0;
		};
/* End PBXResourcesBuildPhase section */

/* Begin PBXSourcesBuildPhase section */
		49B7F42D19D78B0D00FFC893 /* Sources */ = {
			isa = PBXSourcesBuildPhase;
			buildActionMask = 2147483647;
			files = (
				49B7F43919D78B0D00FFC893 /* ViewController.swift in Sources */,
				49B7F45719D7952400FFC893 /* TaskCell.swift in Sources */,
				49B7F43719D78B0D00FFC893 /* AppDelegate.swift in Sources */,
			);
			runOnlyForDeploymentPostprocessing = 0;
		};
		49B7F44219D78B0D00FFC893 /* Sources */ = {
			isa = PBXSourcesBuildPhase;
			buildActionMask = 2147483647;
			files = (
				49B7F44D19D78B0D00FFC893 /* TaskItTests.swift in Sources */,
			);
			runOnlyForDeploymentPostprocessing = 0;
		};
/* End PBXSourcesBuildPhase section */

/* Begin PBXTargetDependency section */
		49B7F44819D78B0D00FFC893 /* PBXTargetDependency */ = {
			isa = PBXTargetDependency;
			target = 49B7F43019D78B0D00FFC893 /* TaskIt */;
			targetProxy = 49B7F44719D78B0D00FFC893 /* PBXContainerItemProxy */;
		};
/* End PBXTargetDependency section */

/* Begin PBXVariantGroup section */
		49B7F43A19D78B0D00FFC893 /* Main.storyboard */ = {
			isa = PBXVariantGroup;
			children = (
				49B7F43B19D78B0D00FFC893 /* Base */,
			);
			name = Main.storyboard;
			sourceTree = "<group>";
		};
		49B7F43F19D78B0D00FFC893 /* LaunchScreen.xib */ = {
			isa = PBXVariantGroup;
			children = (
				49B7F44019D78B0D00FFC893 /* Base */,
			);
			name = LaunchScreen.xib;
			sourceTree = "<group>";
		};
/* End PBXVariantGroup section */

/* Begin XCBuildConfiguration section */
		49B7F44E19D78B0D00FFC893 /* Debug */ = {
			isa = XCBuildConfiguration;
			buildSettings = {
				ALWAYS_SEARCH_USER_PATHS = NO;
				CLANG_CXX_LANGUAGE_STANDARD = "gnu++0x";
				CLANG_CXX_LIBRARY = "libc++";
				CLANG_ENABLE_MODULES = YES;
				CLANG_ENABLE_OBJC_ARC = YES;
				CLANG_WARN_BOOL_CONVERSION = YES;
				CLANG_WARN_CONSTANT_CONVERSION = YES;
				CLANG_WARN_DIRECT_OBJC_ISA_USAGE = YES_ERROR;
				CLANG_WARN_EMPTY_BODY = YES;
				CLANG_WARN_ENUM_CONVERSION = YES;
				CLANG_WARN_INT_CONVERSION = YES;
				CLANG_WARN_OBJC_ROOT_CLASS = YES_ERROR;
				CLANG_WARN_UNREACHABLE_CODE = YES;
				CLANG_WARN__DUPLICATE_METHOD_MATCH = YES;
				"CODE_SIGN_IDENTITY[sdk=iphoneos*]" = "iPhone Developer";
				COPY_PHASE_STRIP = NO;
				ENABLE_STRICT_OBJC_MSGSEND = YES;
				GCC_C_LANGUAGE_STANDARD = gnu99;
				GCC_DYNAMIC_NO_PIC = NO;
				GCC_OPTIMIZATION_LEVEL = 0;
				GCC_PREPROCESSOR_DEFINITIONS = (
					"DEBUG=1",
					"$(inherited)",
				);
				GCC_SYMBOLS_PRIVATE_EXTERN = NO;
				GCC_WARN_64_TO_32_BIT_CONVERSION = YES;
				GCC_WARN_ABOUT_RETURN_TYPE = YES_ERROR;
				GCC_WARN_UNDECLARED_SELECTOR = YES;
				GCC_WARN_UNINITIALIZED_AUTOS = YES_AGGRESSIVE;
				GCC_WARN_UNUSED_FUNCTION = YES;
				GCC_WARN_UNUSED_VARIABLE = YES;
				IPHONEOS_DEPLOYMENT_TARGET = 8.0;
				MTL_ENABLE_DEBUG_INFO = YES;
				ONLY_ACTIVE_ARCH = YES;
				SDKROOT = iphoneos;
				SWIFT_OPTIMIZATION_LEVEL = "-Onone";
				TARGETED_DEVICE_FAMILY = "1,2";
			};
			name = Debug;
		};
		49B7F44F19D78B0D00FFC893 /* Release */ = {
			isa = XCBuildConfiguration;
			buildSettings = {
				ALWAYS_SEARCH_USER_PATHS = NO;
				CLANG_CXX_LANGUAGE_STANDARD = "gnu++0x";
				CLANG_CXX_LIBRARY = "libc++";
				CLANG_ENABLE_MODULES = YES;
				CLANG_ENABLE_OBJC_ARC = YES;
				CLANG_WARN_BOOL_CONVERSION = YES;
				CLANG_WARN_CONSTANT_CONVERSION = YES;
				CLANG_WARN_DIRECT_OBJC_ISA_USAGE = YES_ERROR;
				CLANG_WARN_EMPTY_BODY = YES;
				CLANG_WARN_ENUM_CONVERSION = YES;
				CLANG_WARN_INT_CONVERSION = YES;
				CLANG_WARN_OBJC_ROOT_CLASS = YES_ERROR;
				CLANG_WARN_UNREACHABLE_CODE = YES;
				CLANG_WARN__DUPLICATE_METHOD_MATCH = YES;
				"CODE_SIGN_IDENTITY[sdk=iphoneos*]" = "iPhone Developer";
				COPY_PHASE_STRIP = YES;
				ENABLE_NS_ASSERTIONS = NO;
				ENABLE_STRICT_OBJC_MSGSEND = YES;
				GCC_C_LANGUAGE_STANDARD = gnu99;
				GCC_WARN_64_TO_32_BIT_CONVERSION = YES;
				GCC_WARN_ABOUT_RETURN_TYPE = YES_ERROR;
				GCC_WARN_UNDECLARED_SELECTOR = YES;
				GCC_WARN_UNINITIALIZED_AUTOS = YES_AGGRESSIVE;
				GCC_WARN_UNUSED_FUNCTION = YES;
				GCC_WARN_UNUSED_VARIABLE = YES;
				IPHONEOS_DEPLOYMENT_TARGET = 8.0;
				MTL_ENABLE_DEBUG_INFO = NO;
				SDKROOT = iphoneos;
				TARGETED_DEVICE_FAMILY = "1,2";
				VALIDATE_PRODUCT = YES;
			};
			name = Release;
		};
		49B7F45119D78B0D00FFC893 /* Debug */ = {
			isa = XCBuildConfiguration;
			buildSettings = {
				ASSETCATALOG_COMPILER_APPICON_NAME = AppIcon;
				INFOPLIST_FILE = TaskIt/Info.plist;
				LD_RUNPATH_SEARCH_PATHS = "$(inherited) @executable_path/Frameworks";
				PRODUCT_NAME = "$(TARGET_NAME)";
			};
			name = Debug;
		};
		49B7F45219D78B0D00FFC893 /* Release */ = {
			isa = XCBuildConfiguration;
			buildSettings = {
				ASSETCATALOG_COMPILER_APPICON_NAME = AppIcon;
				INFOPLIST_FILE = TaskIt/Info.plist;
				LD_RUNPATH_SEARCH_PATHS = "$(inherited) @executable_path/Frameworks";
				PRODUCT_NAME = "$(TARGET_NAME)";
			};
			name = Release;
		};
		49B7F45419D78B0D00FFC893 /* Debug */ = {
			isa = XCBuildConfiguration;
			buildSettings = {
				BUNDLE_LOADER = "$(TEST_HOST)";
				FRAMEWORK_SEARCH_PATHS = (
					"$(SDKROOT)/Developer/Library/Frameworks",
					"$(inherited)",
				);
				GCC_PREPROCESSOR_DEFINITIONS = (
					"DEBUG=1",
					"$(inherited)",
				);
				INFOPLIST_FILE = TaskItTests/Info.plist;
				LD_RUNPATH_SEARCH_PATHS = "$(inherited) @executable_path/Frameworks @loader_path/Frameworks";
				PRODUCT_NAME = "$(TARGET_NAME)";
				TEST_HOST = "$(BUILT_PRODUCTS_DIR)/TaskIt.app/TaskIt";
			};
			name = Debug;
		};
		49B7F45519D78B0D00FFC893 /* Release */ = {
			isa = XCBuildConfiguration;
			buildSettings = {
				BUNDLE_LOADER = "$(TEST_HOST)";
				FRAMEWORK_SEARCH_PATHS = (
					"$(SDKROOT)/Developer/Library/Frameworks",
					"$(inherited)",
				);
				INFOPLIST_FILE = TaskItTests/Info.plist;
				LD_RUNPATH_SEARCH_PATHS = "$(inherited) @executable_path/Frameworks @loader_path/Frameworks";
				PRODUCT_NAME = "$(TARGET_NAME)";
				TEST_HOST = "$(BUILT_PRODUCTS_DIR)/TaskIt.app/TaskIt";
			};
			name = Release;
		};
/* End XCBuildConfiguration section */

/* Begin XCConfigurationList section */
		49B7F42C19D78B0D00FFC893 /* Build configuration list for PBXProject "TaskIt" */ = {
			isa = XCConfigurationList;
			buildConfigurations = (
				49B7F44E19D78B0D00FFC893 /* Debug */,
				49B7F44F19D78B0D00FFC893 /* Release */,
			);
			defaultConfigurationIsVisible = 0;
			defaultConfigurationName = Release;
		};
		49B7F45019D78B0D00FFC893 /* Build configuration list for PBXNativeTarget "TaskIt" */ = {
			isa = XCConfigurationList;
			buildConfigurations = (
				49B7F45119D78B0D00FFC893 /* Debug */,
				49B7F45219D78B0D00FFC893 /* Release */,
			);
			defaultConfigurationIsVisible = 0;
		};
		49B7F45319D78B0D00FFC893 /* Build configuration list for PBXNativeTarget "TaskItTests" */ = {
			isa = XCConfigurationList;
			buildConfigurations = (
				49B7F45419D78B0D00FFC893 /* Debug */,
				49B7F45519D78B0D00FFC893 /* Release */,
			);
			defaultConfigurationIsVisible = 0;
		};
/* End XCConfigurationList section */
	};
	rootObject = 49B7F42919D78B0D00FFC893 /* Project object */;
}
